Microsoft Visual Studio Solution File, Format Version 11.00
# Visual Studio 2010
Project("{FAE04EC0-301F-11D3-BF4B-00C04F79EFBC}") = "XmlEditorTest", "XmlEditorTest\XmlEditorTest.csproj", "{D9BBDC5B-F751-471A-8076-D589D4FB96DE}"
EndProject
Project("{FAE04EC0-301F-11D3-BF4B-00C04F79EFBC}") = "Canvas", "Canvas\Canvas.csproj", "{A78F386A-C679-4FBB-A93C-BF9F5A93AC4B}"
EndProject
Project("{FAE04EC0-301F-11D3-BF4B-00C04F79EFBC}") = "Core", "Core\Core.csproj", "{1FAB95A0-9DAB-4DCB-AB5E-5017C5EF3165}"
EndProject
Project("{FAE04EC0-301F-11D3-BF4B-00C04F79EFBC}") = "Controls", "Controls\Controls.csproj", "{642F5C4C-4811-43F8-8B4E-1E06BD93CD71}"
EndProject
Project("{FAE04EC0-301F-11D3-BF4B-00C04F79EFBC}") = "XmlBlocks", "XmlBlocks\XmlBlocks.csproj", "{3961D883-56CC-415D-9D9A-A8BA07FA0653}"
EndProject
Project("{FAE04EC0-301F-11D3-BF4B-00C04F79EFBC}") = "Utils", "Utils\Utils.csproj", "{FEAB4904-F71C-4974-B6A4-1AA5B451AD1B}"
EndProject
Global
	GlobalSection(SolutionConfigurationPlatforms) = preSolution
		Debug|Mixed Platforms = Debug|Mixed Platforms
		Release|Mixed Platforms = Release|Mixed Platforms
	EndGlobalSection
	GlobalSection(ProjectConfigurationPlatforms) = postSolution
		{A78F386A-C679-4FBB-A93C-BF9F5A93AC4B}.Debug|Mixed Platforms.ActiveCfg = Debug|Any CPU
		{A78F386A-C679-4FBB-A93C-BF9F5A93AC4B}.Debug|Mixed Platforms.Build.0 = Debug|Any CPU
		{A78F386A-C679-4FBB-A93C-BF9F5A93AC4B}.Release|Mixed Platforms.ActiveCfg = Release|Any CPU
		{A78F386A-C679-4FBB-A93C-BF9F5A93AC4B}.Release|Mixed Platforms.Build.0 = Release|Any CPU
		{1FAB95A0-9DAB-4DCB-AB5E-5017C5EF3165}.Debug|Mixed Platforms.ActiveCfg = Debug|Any CPU
		{1FAB95A0-9DAB-4DCB-AB5E-5017C5EF3165}.Debug|Mixed Platforms.Build.0 = Debug|Any CPU
		{1FAB95A0-9DAB-4DCB-AB5E-5017C5EF3165}.Release|Mixed Platforms.ActiveCfg = Release|Any CPU
		{1FAB95A0-9DAB-4DCB-AB5E-5017C5EF3165}.Release|Mixed Platforms.Build.0 = Release|Any CPU
		{642F5C4C-4811-43F8-8B4E-1E06BD93CD71}.Debug|Mixed Platforms.ActiveCfg = Debug|Any CPU
		{642F5C4C-4811-43F8-8B4E-1E06BD93CD71}.Debug|Mixed Platforms.Build.0 = Debug|Any CPU
		{642F5C4C-4811-43F8-8B4E-1E06BD93CD71}.Release|Mixed Platforms.ActiveCfg = Release|Any CPU
		{642F5C4C-4811-43F8-8B4E-1E06BD93CD71}.Release|Mixed Platforms.Build.0 = Release|Any CPU
		{3961D883-56CC-415D-9D9A-A8BA07FA0653}.Debug|Mixed Platforms.ActiveCfg = Debug|Any CPU
		{3961D883-56CC-415D-9D9A-A8BA07FA0653}.Debug|Mixed Platforms.Build.0 = Debug|Any CPU
		{3961D883-56CC-415D-9D9A-A8BA07FA0653}.Release|Mixed Platforms.ActiveCfg = Release|Any CPU
		{3961D883-56CC-415D-9D9A-A8BA07FA0653}.Release|Mixed Platforms.Build.0 = Release|Any CPU
		{D9BBDC5B-F751-471A-8076-D589D4FB96DE}.Debug|Mixed Platforms.ActiveCfg = Debug|Any CPU
		{D9BBDC5B-F751-471A-8076-D589D4FB96DE}.Debug|Mixed Platforms.Build.0 = Debug|Any CPU
		{D9BBDC5B-F751-471A-8076-D589D4FB96DE}.Release|Mixed Platforms.ActiveCfg = Release|Any CPU
		{D9BBDC5B-F751-471A-8076-D589D4FB96DE}.Release|Mixed Platforms.Build.0 = Release|Any CPU
		{FEAB4904-F71C-4974-B6A4-1AA5B451AD1B}.Debug|Mixed Platforms.ActiveCfg = Debug|Any CPU
		{FEAB4904-F71C-4974-B6A4-1AA5B451AD1B}.Debug|Mixed Platforms.Build.0 = Debug|Any CPU
		{FEAB4904-F71C-4974-B6A4-1AA5B451AD1B}.Release|Mixed Platforms.ActiveCfg = Release|Any CPU
		{FEAB4904-F71C-4974-B6A4-1AA5B451AD1B}.Release|Mixed Platforms.Build.0 = Release|Any CPU
	EndGlobalSection
	GlobalSection(SolutionProperties) = preSolution
		HideSolutionNode = FALSE
	EndGlobalSection
EndGlobal
